PODS:
  - OAuthSwift (1.1.0)
  - SwiftyJSON (3.1.3)

DEPENDENCIES:
  - OAuthSwift (~> 1.1.0)
  - SwiftyJSON (~> 3.1.1)

SPEC CHECKSUMS:
  OAuthSwift: 7ec2c62274f6bdc30b1ba3b799c39a6fdcaea0e5
  SwiftyJSON: 38a8ea2006779c0fc4c310cb2ee8195327740faf

PODFILE CHECKSUM: cab1c8510fa4c8f81136ef02892178362e11a20a

COCOAPODS: 1.2.0.beta.1
