PODS:
  - OAuthSwift (1.1.0)
  - SwiftyJSON (3.1.1)

DEPENDENCIES:
  - OAuthSwift (~> 1.1.0)
  - SwiftyJSON (~> 3.1.1)

SPEC CHECKSUMS:
  OAuthSwift: 7ec2c62274f6bdc30b1ba3b799c39a6fdcaea0e5
  SwiftyJSON: f0be2e604f83e8405a624e9f891898bf6ed4e019

PODFILE CHECKSUM: c8823bf14e047bc2a44a007a1b4b42baa47afa9f

COCOAPODS: 1.2.0.beta.1
